<?xml version="1.0" encoding="utf-8"?>
<Project ToolsVersion="4.0" xmlns="http://schemas.microsoft.com/developer/msbuild/2003">
  <ItemGroup>
    <Filter Include="源文件">
      <UniqueIdentifier>{4FC737F1-C7A5-4376-A066-2A32D752A2FF}</UniqueIdentifier>
      <Extensions>cpp;c;cc;cxx;def;odl;idl;hpj;bat;asm;asmx</Extensions>
    </Filter>
    <Filter Include="头文件">
      <UniqueIdentifier>{93995380-89BD-4b04-88EB-625FBE52EBFB}</UniqueIdentifier>
      <Extensions>h;hpp;hxx;hm;inl;inc;xsd</Extensions>
    </Filter>
    <Filter Include="资源文件">
      <UniqueIdentifier>{67DA6AB6-F800-4c08-8B7A-83BB121AAD01}</UniqueIdentifier>
      <Extensions>rc;ico;cur;bmp;dlg;rc2;rct;bin;rgs;gif;jpg;jpeg;jpe;resx;tiff;tif;png;wav;mfcribbon-ms</Extensions>
    </Filter>
    <Filter Include="Public_Header">
      <UniqueIdentifier>{287c76ca-0176-43a1-a857-c409eb558a57}</UniqueIdentifier>
    </Filter>
  </ItemGroup>
  <ItemGroup>
    <None Include="ReadMe.txt" />
  </ItemGroup>
  <ItemGroup>
    <ClInclude Include="stdafx.h">
      <Filter>头文件</Filter>
    </ClInclude>
    <ClInclude Include="targetver.h">
      <Filter>头文件</Filter>
    </ClInclude>
    <ClInclude Include="..\..\include\speex\speex_buffer.h">
      <Filter>Public_Header</Filter>
    </ClInclude>
    <ClInclude Include="..\..\include\speex\speex_echo.h">
      <Filter>Public_Header</Filter>
    </ClInclude>
    <ClInclude Include="..\..\include\speex\speex_jitter.h">
      <Filter>Public_Header</Filter>
    </ClInclude>
    <ClInclude Include="..\..\include\speex\speex_preprocess.h">
      <Filter>Public_Header</Filter>
    </ClInclude>
    <ClInclude Include="..\..\include\speex\speex_resampler.h">
      <Filter>Public_Header</Filter>
    </ClInclude>
    <ClInclude Include="..\..\include\speex\speexdsp_types.h">
      <Filter>Public_Header</Filter>
    </ClInclude>
    <ClInclude Include="..\..\libspeexdsp\_kiss_fft_guts.h">
      <Filter>头文件</Filter>
    </ClInclude>
    <ClInclude Include="..\..\libspeexdsp\arch.h">
      <Filter>头文件</Filter>
    </ClInclude>
    <ClInclude Include="..\..\libspeexdsp\bfin.h">
      <Filter>头文件</Filter>
    </ClInclude>
    <ClInclude Include="..\..\libspeexdsp\fftwrap.h">
      <Filter>头文件</Filter>
    </ClInclude>
    <ClInclude Include="..\..\libspeexdsp\filterbank.h">
      <Filter>头文件</Filter>
    </ClInclude>
    <ClInclude Include="..\..\libspeexdsp\fixed_arm4.h">
      <Filter>头文件</Filter>
    </ClInclude>
    <ClInclude Include="..\..\libspeexdsp\fixed_arm5e.h">
      <Filter>头文件</Filter>
    </ClInclude>
    <ClInclude Include="..\..\libspeexdsp\fixed_bfin.h">
      <Filter>头文件</Filter>
    </ClInclude>
    <ClInclude Include="..\..\libspeexdsp\fixed_debug.h">
      <Filter>头文件</Filter>
    </ClInclude>
    <ClInclude Include="..\..\libspeexdsp\fixed_generic.h">
      <Filter>头文件</Filter>
    </ClInclude>
    <ClInclude Include="..\..\libspeexdsp\kiss_fft.h">
      <Filter>头文件</Filter>
    </ClInclude>
    <ClInclude Include="..\..\libspeexdsp\kiss_fftr.h">
      <Filter>头文件</Filter>
    </ClInclude>
    <ClInclude Include="..\..\libspeexdsp\math_approx.h">
      <Filter>头文件</Filter>
    </ClInclude>
    <ClInclude Include="..\..\libspeexdsp\misc_bfin.h">
      <Filter>头文件</Filter>
    </ClInclude>
    <ClInclude Include="..\..\libspeexdsp\os_support.h">
      <Filter>头文件</Filter>
    </ClInclude>
    <ClInclude Include="..\..\libspeexdsp\pseudofloat.h">
      <Filter>头文件</Filter>
    </ClInclude>
    <ClInclude Include="..\..\libspeexdsp\resample_neon.h">
      <Filter>头文件</Filter>
    </ClInclude>
    <ClInclude Include="..\..\libspeexdsp\resample_sse.h">
      <Filter>头文件</Filter>
    </ClInclude>
    <ClInclude Include="..\..\libspeexdsp\smallft.h">
      <Filter>头文件</Filter>
    </ClInclude>
    <ClInclude Include="..\..\libspeexdsp\stack_alloc.h">
      <Filter>头文件</Filter>
    </ClInclude>
    <ClInclude Include="..\..\libspeexdsp\vorbis_psy.h">
      <Filter>头文件</Filter>
    </ClInclude>
    <ClInclude Include="config.h">
      <Filter>头文件</Filter>
    </ClInclude>
  </ItemGroup>
  <ItemGroup>
    <ClCompile Include="stdafx.cpp">
      <Filter>源文件</Filter>
    </ClCompile>
    <ClCompile Include="SpeexWinProj.cpp">
      <Filter>源文件</Filter>
    </ClCompile>
    <ClCompile Include="..\..\libspeexdsp\buffer.c">
      <Filter>源文件</Filter>
    </ClCompile>
    <ClCompile Include="..\..\libspeexdsp\fftwrap.c">
      <Filter>源文件</Filter>
    </ClCompile>
    <ClCompile Include="..\..\libspeexdsp\filterbank.c">
      <Filter>源文件</Filter>
    </ClCompile>
    <ClCompile Include="..\..\libspeexdsp\jitter.c">
      <Filter>源文件</Filter>
    </ClCompile>
    <ClCompile Include="..\..\libspeexdsp\kiss_fft.c">
      <Filter>源文件</Filter>
    </ClCompile>
    <ClCompile Include="..\..\libspeexdsp\kiss_fftr.c">
      <Filter>源文件</Filter>
    </ClCompile>
    <ClCompile Include="..\..\libspeexdsp\mdf.c">
      <Filter>源文件</Filter>
    </ClCompile>
    <ClCompile Include="..\..\libspeexdsp\preprocess.c">
      <Filter>源文件</Filter>
    </ClCompile>
    <ClCompile Include="..\..\libspeexdsp\resample.c">
      <Filter>源文件</Filter>
    </ClCompile>
    <ClCompile Include="..\..\libspeexdsp\scal.c">
      <Filter>源文件</Filter>
    </ClCompile>
    <ClCompile Include="..\..\libspeexdsp\smallft.c">
      <Filter>源文件</Filter>
    </ClCompile>
  </ItemGroup>
</Project>